
Microsoft Visual Studio Solution File, Format Version 12.00
# Visual Studio Version 17
VisualStudioVersion = 17.11.35222.181
MinimumVisualStudioVersion = 10.0.40219.1
Project("{FAE04EC0-301F-11D3-BF4B-00C04F79EFBC}") = "TiendaMicroservicio", "TiendaMicroservicio\TiendaMicroservicio.csproj", "{7F395B1F-B2BA-4A8C-A668-9DC3D3DF2BFD}"
EndProject
Global
	GlobalSection(SolutionConfigurationPlatforms) = preSolution
		Debug|Any CPU = Debug|Any CPU
		Release|Any CPU = Release|Any CPU
	EndGlobalSection
	GlobalSection(ProjectConfigurationPlatforms) = postSolution
		{7F395B1F-B2BA-4A8C-A668-9DC3D3DF2BFD}.Debug|Any CPU.ActiveCfg = Debug|Any CPU
		{7F395B1F-B2BA-4A8C-A668-9DC3D3DF2BFD}.Debug|Any CPU.Build.0 = Debug|Any CPU
		{7F395B1F-B2BA-4A8C-A668-9DC3D3DF2BFD}.Release|Any CPU.ActiveCfg = Release|Any CPU
		{7F395B1F-B2BA-4A8C-A668-9DC3D3DF2BFD}.Release|Any CPU.Build.0 = Release|Any CPU
	EndGlobalSection
	GlobalSection(SolutionProperties) = preSolution
		HideSolutionNode = FALSE
	EndGlobalSection
	GlobalSection(ExtensibilityGlobals) = postSolution
		SolutionGuid = {4D9DD4C6-E634-4124-B8A6-DB8FE8FD2CCA}
	EndGlobalSection
EndGlobal
